
Microsoft Visual Studio Solution File, Format Version 12.00
# Visual Studio Version 17
VisualStudioVersion = 17.5.002.0
MinimumVisualStudioVersion = 10.0.40219.1
Project("{9A19103F-16F7-4668-BE54-9A1E7A4F7556}") = "Ajedrez", "Ajedrez.csproj", "{8987814F-AB8E-4920-BF11-47D76FDD8DCA}"
EndProject
Global
	GlobalSection(SolutionConfigurationPlatforms) = preSolution
		Debug|Any CPU = Debug|Any CPU
		Release|Any CPU = Release|Any CPU
	EndGlobalSection
	GlobalSection(ProjectConfigurationPlatforms) = postSolution
		{8987814F-AB8E-4920-BF11-47D76FDD8DCA}.Debug|Any CPU.ActiveCfg = Debug|Any CPU
		{8987814F-AB8E-4920-BF11-47D76FDD8DCA}.Debug|Any CPU.Build.0 = Debug|Any CPU
		{8987814F-AB8E-4920-BF11-47D76FDD8DCA}.Release|Any CPU.ActiveCfg = Release|Any CPU
		{8987814F-AB8E-4920-BF11-47D76FDD8DCA}.Release|Any CPU.Build.0 = Release|Any CPU
	EndGlobalSection
	GlobalSection(SolutionProperties) = preSolution
		HideSolutionNode = FALSE
	EndGlobalSection
	GlobalSection(ExtensibilityGlobals) = postSolution
		SolutionGuid = {374A2F20-C4A4-4D5A-A349-9B7BA9E59C3E}
	EndGlobalSection
EndGlobal
