
Microsoft Visual Studio Solution File, Format Version 12.00
# Visual Studio Version 17
VisualStudioVersion = 17.5.002.0
MinimumVisualStudioVersion = 10.0.40219.1
Project("{9A19103F-16F7-4668-BE54-9A1E7A4F7556}") = "C# 2 Entorno Visual", "C# 2 Entorno Visual.csproj", "{E4A0DD3D-DE17-4742-A4A8-4BEB1A1CC13E}"
EndProject
Global
	GlobalSection(SolutionConfigurationPlatforms) = preSolution
		Debug|Any CPU = Debug|Any CPU
		Release|Any CPU = Release|Any CPU
	EndGlobalSection
	GlobalSection(ProjectConfigurationPlatforms) = postSolution
		{E4A0DD3D-DE17-4742-A4A8-4BEB1A1CC13E}.Debug|Any CPU.ActiveCfg = Debug|Any CPU
		{E4A0DD3D-DE17-4742-A4A8-4BEB1A1CC13E}.Debug|Any CPU.Build.0 = Debug|Any CPU
		{E4A0DD3D-DE17-4742-A4A8-4BEB1A1CC13E}.Release|Any CPU.ActiveCfg = Release|Any CPU
		{E4A0DD3D-DE17-4742-A4A8-4BEB1A1CC13E}.Release|Any CPU.Build.0 = Release|Any CPU
	EndGlobalSection
	GlobalSection(SolutionProperties) = preSolution
		HideSolutionNode = FALSE
	EndGlobalSection
	GlobalSection(ExtensibilityGlobals) = postSolution
		SolutionGuid = {863BA694-E372-49AC-A999-76AEB1E2B04D}
	EndGlobalSection
EndGlobal
