
Microsoft Visual Studio Solution File, Format Version 12.00
# Visual Studio Version 17
VisualStudioVersion = 17.5.002.0
MinimumVisualStudioVersion = 10.0.40219.1
Project("{9A19103F-16F7-4668-BE54-9A1E7A4F7556}") = "Actividad 8 Algoritmos", "Actividad 8 Algoritmos.csproj", "{D4DA8A8F-C697-4000-B2EA-A33CA4CC13AA}"
EndProject
Global
	GlobalSection(SolutionConfigurationPlatforms) = preSolution
		Debug|Any CPU = Debug|Any CPU
		Release|Any CPU = Release|Any CPU
	EndGlobalSection
	GlobalSection(ProjectConfigurationPlatforms) = postSolution
		{D4DA8A8F-C697-4000-B2EA-A33CA4CC13AA}.Debug|Any CPU.ActiveCfg = Debug|Any CPU
		{D4DA8A8F-C697-4000-B2EA-A33CA4CC13AA}.Debug|Any CPU.Build.0 = Debug|Any CPU
		{D4DA8A8F-C697-4000-B2EA-A33CA4CC13AA}.Release|Any CPU.ActiveCfg = Release|Any CPU
		{D4DA8A8F-C697-4000-B2EA-A33CA4CC13AA}.Release|Any CPU.Build.0 = Release|Any CPU
	EndGlobalSection
	GlobalSection(SolutionProperties) = preSolution
		HideSolutionNode = FALSE
	EndGlobalSection
	GlobalSection(ExtensibilityGlobals) = postSolution
		SolutionGuid = {9014119A-9C77-4651-9EDC-61C0A0DCAB85}
	EndGlobalSection
EndGlobal
