
Microsoft Visual Studio Solution File, Format Version 12.00
# Visual Studio Version 17
VisualStudioVersion = 17.5.002.0
MinimumVisualStudioVersion = 10.0.40219.1
Project("{9A19103F-16F7-4668-BE54-9A1E7A4F7556}") = "PracticoPrimerParcial", "PracticoPrimerParcial.csproj", "{7EB3AFF5-F548-478B-A3AA-32D45C6EDC34}"
EndProject
Global
	GlobalSection(SolutionConfigurationPlatforms) = preSolution
		Debug|Any CPU = Debug|Any CPU
		Release|Any CPU = Release|Any CPU
	EndGlobalSection
	GlobalSection(ProjectConfigurationPlatforms) = postSolution
		{7EB3AFF5-F548-478B-A3AA-32D45C6EDC34}.Debug|Any CPU.ActiveCfg = Debug|Any CPU
		{7EB3AFF5-F548-478B-A3AA-32D45C6EDC34}.Debug|Any CPU.Build.0 = Debug|Any CPU
		{7EB3AFF5-F548-478B-A3AA-32D45C6EDC34}.Release|Any CPU.ActiveCfg = Release|Any CPU
		{7EB3AFF5-F548-478B-A3AA-32D45C6EDC34}.Release|Any CPU.Build.0 = Release|Any CPU
	EndGlobalSection
	GlobalSection(SolutionProperties) = preSolution
		HideSolutionNode = FALSE
	EndGlobalSection
	GlobalSection(ExtensibilityGlobals) = postSolution
		SolutionGuid = {BDE8D6D0-93A6-4919-8672-4BBC43E30B97}
	EndGlobalSection
EndGlobal
