
Microsoft Visual Studio Solution File, Format Version 12.00
# Visual Studio Version 17
VisualStudioVersion = 17.5.002.0
MinimumVisualStudioVersion = 10.0.40219.1
Project("{9A19103F-16F7-4668-BE54-9A1E7A4F7556}") = "C# 5 Condicionales", "C# 5 Condicionales.csproj", "{480B8DD0-88E9-4694-A4A5-D83450454EA8}"
EndProject
Global
	GlobalSection(SolutionConfigurationPlatforms) = preSolution
		Debug|Any CPU = Debug|Any CPU
		Release|Any CPU = Release|Any CPU
	EndGlobalSection
	GlobalSection(ProjectConfigurationPlatforms) = postSolution
		{480B8DD0-88E9-4694-A4A5-D83450454EA8}.Debug|Any CPU.ActiveCfg = Debug|Any CPU
		{480B8DD0-88E9-4694-A4A5-D83450454EA8}.Debug|Any CPU.Build.0 = Debug|Any CPU
		{480B8DD0-88E9-4694-A4A5-D83450454EA8}.Release|Any CPU.ActiveCfg = Release|Any CPU
		{480B8DD0-88E9-4694-A4A5-D83450454EA8}.Release|Any CPU.Build.0 = Release|Any CPU
	EndGlobalSection
	GlobalSection(SolutionProperties) = preSolution
		HideSolutionNode = FALSE
	EndGlobalSection
	GlobalSection(ExtensibilityGlobals) = postSolution
		SolutionGuid = {A4F216B0-170F-4AC0-A687-79F539F5013C}
	EndGlobalSection
EndGlobal
